{
  "name": "mytipusr",
  "version": "1.0.0",
  "lockfileVersion": 3,
  "requires": true,
  "packages": {
    "": {
      "name": "mytipusr",
      "version": "1.0.0",
      "license": "ISC",
      "dependencies": {
        "mojtip1": "^1.0.0"
      }
    },
    "node_modules/lodash": {
      "version": "4.17.21",
      "resolved": "https://registry.npmjs.org/lodash/-/lodash-4.17.21.tgz",
      "integrity": "sha512-v2kDEe57lecTulaDIuNTPy3Ry4gLGJ6Z1O3vE1krgXZNrsQ+LFTGHVxVjcXPs17LhbZVGedAJv8XZ1tvj5FvSg==",
      "license": "MIT"
    },
    "node_modules/mojtip1": {
      "version": "1.0.0",
      "resolved": "https://registry.npmjs.org/mojtip1/-/mojtip1-1.0.0.tgz",
      "integrity": "sha512-rO1N8Ab4aN37FEfH0NdxGmKgLfvagpV71IXpeiLHAC40BBzK16J/S2UM93thaYSV+hJ8fhucf8EfqMPpnOaqNQ==",
      "license": "ISC",
      "dependencies": {
        "lodash": "^4.17.21"
      }
    }
  }
}
