{
  "name": "vjezba29_todo2_npm_paket_use",
  "version": "1.0.0",
  "lockfileVersion": 3,
  "requires": true,
  "packages": {
    "": {
      "name": "vjezba29_todo2_npm_paket_use",
      "version": "1.0.0",
      "license": "ISC",
      "dependencies": {
        "vjezba28_todo2_npm_paket": "^1.0.0"
      }
    },
    "node_modules/vjezba28_todo2_npm_paket": {
      "version": "1.0.0",
      "resolved": "https://registry.npmjs.org/vjezba28_todo2_npm_paket/-/vjezba28_todo2_npm_paket-1.0.0.tgz",
      "integrity": "sha512-tWF2KjJ9I0sVKaioEuZxjyrvG7AX6nSAyj15nH/AuNnq97GJX6PjPSTMT7zwONE9dvbjjspbkL2FkqdccTd7qw=="
    }
  }
}
